
Microsoft Visual Studio Solution File, Format Version 12.00
# Visual Studio Version 17
VisualStudioVersion = 17.6.33801.468
MinimumVisualStudioVersion = 10.0.40219.1
Project("{FAE04EC0-301F-11D3-BF4B-00C04F79EFBC}") = "linked-list", "linked-list\linked-list.csproj", "{F7D215CA-73A4-4B08-BAA4-50C7E7A89211}"
EndProject
Project("{FAE04EC0-301F-11D3-BF4B-00C04F79EFBC}") = "SingleListTest", "SingleListTest\SingleListTest.csproj", "{0DA6C31F-3132-4BD5-A7C9-9B2FF8A83F73}"
EndProject
Global
	GlobalSection(SolutionConfigurationPlatforms) = preSolution
		Debug|Any CPU = Debug|Any CPU
		Release|Any CPU = Release|Any CPU
	EndGlobalSection
	GlobalSection(ProjectConfigurationPlatforms) = postSolution
		{F7D215CA-73A4-4B08-BAA4-50C7E7A89211}.Debug|Any CPU.ActiveCfg = Debug|Any CPU
		{F7D215CA-73A4-4B08-BAA4-50C7E7A89211}.Debug|Any CPU.Build.0 = Debug|Any CPU
		{F7D215CA-73A4-4B08-BAA4-50C7E7A89211}.Release|Any CPU.ActiveCfg = Release|Any CPU
		{F7D215CA-73A4-4B08-BAA4-50C7E7A89211}.Release|Any CPU.Build.0 = Release|Any CPU
		{0DA6C31F-3132-4BD5-A7C9-9B2FF8A83F73}.Debug|Any CPU.ActiveCfg = Debug|Any CPU
		{0DA6C31F-3132-4BD5-A7C9-9B2FF8A83F73}.Debug|Any CPU.Build.0 = Debug|Any CPU
		{0DA6C31F-3132-4BD5-A7C9-9B2FF8A83F73}.Release|Any CPU.ActiveCfg = Release|Any CPU
		{0DA6C31F-3132-4BD5-A7C9-9B2FF8A83F73}.Release|Any CPU.Build.0 = Release|Any CPU
	EndGlobalSection
	GlobalSection(SolutionProperties) = preSolution
		HideSolutionNode = FALSE
	EndGlobalSection
	GlobalSection(ExtensibilityGlobals) = postSolution
		SolutionGuid = {C1C3A521-7506-4C36-80E9-822D6E1E2B06}
	EndGlobalSection
EndGlobal
